
Microsoft Visual Studio Solution File, Format Version 12.00
# Visual Studio 15
VisualStudioVersion = 15.0.27130.2026
MinimumVisualStudioVersion = 10.0.40219.1
Project("{FAE04EC0-301F-11D3-BF4B-00C04F79EFBC}") = "premiereAppli", "premiereAppli\premiereAppli.csproj", "{7338A3A2-CC00-4F86-A3B9-3A0AAAB40153}"
EndProject
Global
	GlobalSection(SolutionConfigurationPlatforms) = preSolution
		Debug|Any CPU = Debug|Any CPU
		Release|Any CPU = Release|Any CPU
	EndGlobalSection
	GlobalSection(ProjectConfigurationPlatforms) = postSolution
		{7338A3A2-CC00-4F86-A3B9-3A0AAAB40153}.Debug|Any CPU.ActiveCfg = Debug|Any CPU
		{7338A3A2-CC00-4F86-A3B9-3A0AAAB40153}.Debug|Any CPU.Build.0 = Debug|Any CPU
		{7338A3A2-CC00-4F86-A3B9-3A0AAAB40153}.Release|Any CPU.ActiveCfg = Release|Any CPU
		{7338A3A2-CC00-4F86-A3B9-3A0AAAB40153}.Release|Any CPU.Build.0 = Release|Any CPU
	EndGlobalSection
	GlobalSection(SolutionProperties) = preSolution
		HideSolutionNode = FALSE
	EndGlobalSection
	GlobalSection(ExtensibilityGlobals) = postSolution
		SolutionGuid = {105C4BB3-42A6-497A-9EAC-749FF7352D1E}
	EndGlobalSection
EndGlobal
